
Microsoft Visual Studio Solution File, Format Version 12.00
Project("{FAE04EC0-301F-11D3-BF4B-00C04F79EFBC}") = "WebAPI", "WebAPI\WebAPI.csproj", "{6DE8DC31-6A48-42DF-9F41-6309344C30FE}"
EndProject
Project("{FAE04EC0-301F-11D3-BF4B-00C04F79EFBC}") = "TCPListenerDemo", "TCPListenerDemo\TCPListenerDemo.csproj", "{E8B5978B-F32D-4A84-9E79-F6D81C59D82D}"
EndProject
Project("{FAE04EC0-301F-11D3-BF4B-00C04F79EFBC}") = "Intermediary-DB", "Intermediary-DB\Intermediary-DB.csproj", "{460B720F-FB64-42B9-856E-27CD19C06EDE}"
EndProject
Project("{FAE04EC0-301F-11D3-BF4B-00C04F79EFBC}") = "TCPListener", "TCPListener\TCPListener.csproj", "{4C1AAC5E-DB66-4945-8692-0DCF4DCB7B11}"
EndProject
Global
	GlobalSection(SolutionConfigurationPlatforms) = preSolution
		Debug|Any CPU = Debug|Any CPU
		Release|Any CPU = Release|Any CPU
	EndGlobalSection
	GlobalSection(ProjectConfigurationPlatforms) = postSolution
		{6DE8DC31-6A48-42DF-9F41-6309344C30FE}.Debug|Any CPU.ActiveCfg = Debug|Any CPU
		{6DE8DC31-6A48-42DF-9F41-6309344C30FE}.Debug|Any CPU.Build.0 = Debug|Any CPU
		{6DE8DC31-6A48-42DF-9F41-6309344C30FE}.Release|Any CPU.ActiveCfg = Release|Any CPU
		{6DE8DC31-6A48-42DF-9F41-6309344C30FE}.Release|Any CPU.Build.0 = Release|Any CPU
		{E8B5978B-F32D-4A84-9E79-F6D81C59D82D}.Debug|Any CPU.ActiveCfg = Debug|Any CPU
		{E8B5978B-F32D-4A84-9E79-F6D81C59D82D}.Debug|Any CPU.Build.0 = Debug|Any CPU
		{E8B5978B-F32D-4A84-9E79-F6D81C59D82D}.Release|Any CPU.ActiveCfg = Release|Any CPU
		{E8B5978B-F32D-4A84-9E79-F6D81C59D82D}.Release|Any CPU.Build.0 = Release|Any CPU
		{460B720F-FB64-42B9-856E-27CD19C06EDE}.Debug|Any CPU.ActiveCfg = Debug|Any CPU
		{460B720F-FB64-42B9-856E-27CD19C06EDE}.Debug|Any CPU.Build.0 = Debug|Any CPU
		{460B720F-FB64-42B9-856E-27CD19C06EDE}.Release|Any CPU.ActiveCfg = Release|Any CPU
		{460B720F-FB64-42B9-856E-27CD19C06EDE}.Release|Any CPU.Build.0 = Release|Any CPU
		{4C1AAC5E-DB66-4945-8692-0DCF4DCB7B11}.Debug|Any CPU.ActiveCfg = Debug|Any CPU
		{4C1AAC5E-DB66-4945-8692-0DCF4DCB7B11}.Debug|Any CPU.Build.0 = Debug|Any CPU
		{4C1AAC5E-DB66-4945-8692-0DCF4DCB7B11}.Release|Any CPU.ActiveCfg = Release|Any CPU
		{4C1AAC5E-DB66-4945-8692-0DCF4DCB7B11}.Release|Any CPU.Build.0 = Release|Any CPU
	EndGlobalSection
EndGlobal
